
Microsoft Visual Studio Solution File, Format Version 12.00
# Visual Studio Version 17
VisualStudioVersion = 17.14.37012.4
MinimumVisualStudioVersion = 10.0.40219.1
Project("{FAE04EC0-301F-11D3-BF4B-00C04F79EFBC}") = "twoMaui", "twoMaui\twoMaui.csproj", "{D8AE4BEC-F831-48AB-8C4A-6F34151DDF7F}"
EndProject
Project("{FAE04EC0-301F-11D3-BF4B-00C04F79EFBC}") = "FourtyControlesDemo", "FourtyControlesDemo\FourtyControlesDemo.csproj", "{E10153D8-158A-4B7C-BF18-D9A1BA00E9F1}"
EndProject
Project("{FAE04EC0-301F-11D3-BF4B-00C04F79EFBC}") = "Event", "Event\Event.csproj", "{5644C61E-B6C6-4AF4-AD15-C81EC75965E4}"
EndProject
Project("{FAE04EC0-301F-11D3-BF4B-00C04F79EFBC}") = "FourtyOneTabNavigation", "FourtyOneTabNavigation\FourtyOneTabNavigation.csproj", "{5D60D1D7-724C-40C2-B993-F44DFAFD211A}"
EndProject
Project("{FAE04EC0-301F-11D3-BF4B-00C04F79EFBC}") = "FourtyTwoFlyout", "FourtyTwoFlyout\FourtyTwoFlyout.csproj", "{944B64B6-D58D-4EBC-B0CC-132748670798}"
EndProject
Global
	GlobalSection(SolutionConfigurationPlatforms) = preSolution
		Debug|Any CPU = Debug|Any CPU
		Release|Any CPU = Release|Any CPU
	EndGlobalSection
	GlobalSection(ProjectConfigurationPlatforms) = postSolution
		{D8AE4BEC-F831-48AB-8C4A-6F34151DDF7F}.Debug|Any CPU.ActiveCfg = Debug|Any CPU
		{D8AE4BEC-F831-48AB-8C4A-6F34151DDF7F}.Debug|Any CPU.Build.0 = Debug|Any CPU
		{D8AE4BEC-F831-48AB-8C4A-6F34151DDF7F}.Release|Any CPU.ActiveCfg = Release|Any CPU
		{D8AE4BEC-F831-48AB-8C4A-6F34151DDF7F}.Release|Any CPU.Build.0 = Release|Any CPU
		{E10153D8-158A-4B7C-BF18-D9A1BA00E9F1}.Debug|Any CPU.ActiveCfg = Debug|Any CPU
		{E10153D8-158A-4B7C-BF18-D9A1BA00E9F1}.Debug|Any CPU.Build.0 = Debug|Any CPU
		{E10153D8-158A-4B7C-BF18-D9A1BA00E9F1}.Release|Any CPU.ActiveCfg = Release|Any CPU
		{E10153D8-158A-4B7C-BF18-D9A1BA00E9F1}.Release|Any CPU.Build.0 = Release|Any CPU
		{5644C61E-B6C6-4AF4-AD15-C81EC75965E4}.Debug|Any CPU.ActiveCfg = Debug|Any CPU
		{5644C61E-B6C6-4AF4-AD15-C81EC75965E4}.Debug|Any CPU.Build.0 = Debug|Any CPU
		{5644C61E-B6C6-4AF4-AD15-C81EC75965E4}.Release|Any CPU.ActiveCfg = Release|Any CPU
		{5644C61E-B6C6-4AF4-AD15-C81EC75965E4}.Release|Any CPU.Build.0 = Release|Any CPU
		{5D60D1D7-724C-40C2-B993-F44DFAFD211A}.Debug|Any CPU.ActiveCfg = Debug|Any CPU
		{5D60D1D7-724C-40C2-B993-F44DFAFD211A}.Debug|Any CPU.Build.0 = Debug|Any CPU
		{5D60D1D7-724C-40C2-B993-F44DFAFD211A}.Debug|Any CPU.Deploy.0 = Debug|Any CPU
		{5D60D1D7-724C-40C2-B993-F44DFAFD211A}.Release|Any CPU.ActiveCfg = Release|Any CPU
		{5D60D1D7-724C-40C2-B993-F44DFAFD211A}.Release|Any CPU.Build.0 = Release|Any CPU
		{944B64B6-D58D-4EBC-B0CC-132748670798}.Debug|Any CPU.ActiveCfg = Debug|Any CPU
		{944B64B6-D58D-4EBC-B0CC-132748670798}.Debug|Any CPU.Build.0 = Debug|Any CPU
		{944B64B6-D58D-4EBC-B0CC-132748670798}.Release|Any CPU.ActiveCfg = Release|Any CPU
		{944B64B6-D58D-4EBC-B0CC-132748670798}.Release|Any CPU.Build.0 = Release|Any CPU
	EndGlobalSection
	GlobalSection(SolutionProperties) = preSolution
		HideSolutionNode = FALSE
	EndGlobalSection
	GlobalSection(ExtensibilityGlobals) = postSolution
		SolutionGuid = {7C834224-CBC6-4FF1-8354-C85A709ABFE3}
	EndGlobalSection
EndGlobal
